
Microsoft Visual Studio Solution File, Format Version 12.00
# Visual Studio Version 16
VisualStudioVersion = 16.0.30406.217
MinimumVisualStudioVersion = 10.0.40219.1
Project("{888888A0-9F3D-457C-B088-3A5042F75D52}") = "shooting_game", "shooting_game.pyproj", "{69356ECD-751F-47F0-9177-74721A509DA3}"
EndProject
Global
	GlobalSection(SolutionConfigurationPlatforms) = preSolution
		Debug|Any CPU = Debug|Any CPU
		Release|Any CPU = Release|Any CPU
	EndGlobalSection
	GlobalSection(ProjectConfigurationPlatforms) = postSolution
		{69356ECD-751F-47F0-9177-74721A509DA3}.Debug|Any CPU.ActiveCfg = Debug|Any CPU
		{69356ECD-751F-47F0-9177-74721A509DA3}.Release|Any CPU.ActiveCfg = Release|Any CPU
	EndGlobalSection
	GlobalSection(SolutionProperties) = preSolution
		HideSolutionNode = FALSE
	EndGlobalSection
	GlobalSection(ExtensibilityGlobals) = postSolution
		SolutionGuid = {3B2C28C5-1DB2-4E1D-88EB-25059E0C29C0}
	EndGlobalSection
EndGlobal
